
Microsoft Visual Studio Solution File, Format Version 12.00
# Visual Studio Version 17
VisualStudioVersion = 17.14.36623.8
MinimumVisualStudioVersion = 10.0.40219.1
Project("{FAE04EC0-301F-11D3-BF4B-00C04F79EFBC}") = "CodeChallenge.Api", "CodeChallenge.Api.csproj", "{212D4D71-BB13-4785-9A54-6F2526660826}"
EndProject
Project("{2150E333-8FDC-42A3-9474-1A3956D46DE8}") = "Solution Items", "Solution Items", "{8EC462FD-D22E-90A8-E5CE-7E832BA40C5D}"
	ProjectSection(SolutionItems) = preProject
		..\README.md = ..\README.md
	EndProjectSection
EndProject
Project("{FAE04EC0-301F-11D3-BF4B-00C04F79EFBC}") = "CodeChallenge", "..\CodeChallenge\CodeChallenge.csproj", "{BA71A62E-0FE1-418F-981E-CEE9BD96E692}"
EndProject
Global
	GlobalSection(SolutionConfigurationPlatforms) = preSolution
		Debug|Any CPU = Debug|Any CPU
		Release|Any CPU = Release|Any CPU
	EndGlobalSection
	GlobalSection(ProjectConfigurationPlatforms) = postSolution
		{212D4D71-BB13-4785-9A54-6F2526660826}.Debug|Any CPU.ActiveCfg = Debug|Any CPU
		{212D4D71-BB13-4785-9A54-6F2526660826}.Debug|Any CPU.Build.0 = Debug|Any CPU
		{212D4D71-BB13-4785-9A54-6F2526660826}.Release|Any CPU.ActiveCfg = Release|Any CPU
		{212D4D71-BB13-4785-9A54-6F2526660826}.Release|Any CPU.Build.0 = Release|Any CPU
		{BA71A62E-0FE1-418F-981E-CEE9BD96E692}.Debug|Any CPU.ActiveCfg = Debug|Any CPU
		{BA71A62E-0FE1-418F-981E-CEE9BD96E692}.Debug|Any CPU.Build.0 = Debug|Any CPU
		{BA71A62E-0FE1-418F-981E-CEE9BD96E692}.Release|Any CPU.ActiveCfg = Release|Any CPU
		{BA71A62E-0FE1-418F-981E-CEE9BD96E692}.Release|Any CPU.Build.0 = Release|Any CPU
	EndGlobalSection
	GlobalSection(SolutionProperties) = preSolution
		HideSolutionNode = FALSE
	EndGlobalSection
	GlobalSection(ExtensibilityGlobals) = postSolution
		SolutionGuid = {1F7E16A8-8C4D-4F88-911B-FAAFB3C3436C}
	EndGlobalSection
EndGlobal
